
Microsoft Visual Studio Solution File, Format Version 12.00
# Visual Studio Version 17
VisualStudioVersion = 17.5.002.0
MinimumVisualStudioVersion = 10.0.40219.1
Project("{2150E333-8FDC-42A3-9474-1A3956D46DE8}") = "sandbox", "sandbox", "{C122DEB3-7B88-4E0B-B894-5B983C361577}"
EndProject
Project("{9A19103F-16F7-4668-BE54-9A1E7A4F7556}") = "sandbox_project", "sandbox\sandbox_project\sandbox_project.csproj", "{53472198-F41E-4F49-8458-A244BED96EF6}"
EndProject
Project("{2150E333-8FDC-42A3-9474-1A3956D46DE8}") = "week01", "week01", "{2CAD37D7-6B1A-48D6-902B-F03F3B6A8D7A}"
EndProject
Project("{9A19103F-16F7-4668-BE54-9A1E7A4F7556}") = "analyze", "week01\analyze\analyze.csproj", "{6706C6C6-B615-43E7-BAF8-1E96EE42837B}"
EndProject
Project("{9A19103F-16F7-4668-BE54-9A1E7A4F7556}") = "code", "week01\code\code.csproj", "{FF198A0A-3BBC-4CE2-88D1-310A6750A01B}"
EndProject
Project("{9A19103F-16F7-4668-BE54-9A1E7A4F7556}") = "teach", "week01\teach\teach.csproj", "{4D601A79-D85C-41BF-BB5F-C67D0A4AF109}"
EndProject
Project("{2150E333-8FDC-42A3-9474-1A3956D46DE8}") = "week02", "week02", "{9F44FB8E-D6FD-4345-8C95-BA665C4E5E20}"
EndProject
Project("{9A19103F-16F7-4668-BE54-9A1E7A4F7556}") = "analyze", "week02\analyze\analyze.csproj", "{7D42A1F7-E2B3-421B-A992-CFC112AC267F}"
EndProject
Project("{9A19103F-16F7-4668-BE54-9A1E7A4F7556}") = "code", "week02\code\code.csproj", "{D9C63B19-7FA7-432F-AD84-0315F21A9892}"
EndProject
Project("{9A19103F-16F7-4668-BE54-9A1E7A4F7556}") = "learn", "week02\learn\learn.csproj", "{06D6C6C4-9D2C-45B9-9B1F-83B55FA866A5}"
EndProject
Project("{9A19103F-16F7-4668-BE54-9A1E7A4F7556}") = "teach", "week02\teach\teach.csproj", "{EFC9EA7A-8044-4621-AFAA-40D7AF04EE99}"
EndProject
Project("{2150E333-8FDC-42A3-9474-1A3956D46DE8}") = "week03", "week03", "{8547D6E7-12A3-4FD7-936E-A5E0D7BE9413}"
EndProject
Project("{9A19103F-16F7-4668-BE54-9A1E7A4F7556}") = "code", "week03\code\code.csproj", "{0D0C9F52-440E-43D4-AADF-2803191A1D71}"
EndProject
Project("{9A19103F-16F7-4668-BE54-9A1E7A4F7556}") = "learn", "week03\learn\learn.csproj", "{43593DA7-0904-40BE-B313-95CD6B84C869}"
EndProject
Project("{9A19103F-16F7-4668-BE54-9A1E7A4F7556}") = "teach", "week03\teach\teach.csproj", "{1E4A7011-155F-4A63-B750-1095A73CD5C4}"
EndProject
Project("{2150E333-8FDC-42A3-9474-1A3956D46DE8}") = "week04", "week04", "{7CC1C7F0-FA6A-4CDE-A974-8EA6AD88C4B4}"
EndProject
Project("{9A19103F-16F7-4668-BE54-9A1E7A4F7556}") = "code", "week04\code\code.csproj", "{83E17530-AD50-4E8A-9710-3C43A9F6DA0A}"
EndProject
Project("{2150E333-8FDC-42A3-9474-1A3956D46DE8}") = "week05", "week05", "{5768FC98-A188-42CA-9155-3BBC9FD453AD}"
EndProject
Project("{9A19103F-16F7-4668-BE54-9A1E7A4F7556}") = "code", "week05\code\code.csproj", "{56DA443D-5988-40AF-8EC5-2735139742AA}"
EndProject
Project("{2150E333-8FDC-42A3-9474-1A3956D46DE8}") = "week06", "week06", "{F300C522-A4D8-4D2E-80B3-9CC3B77D6099}"
EndProject
Project("{9A19103F-16F7-4668-BE54-9A1E7A4F7556}") = "code", "week06\code\code.csproj", "{5FD74118-0801-4F32-AA4E-EDBF5A65916E}"
EndProject
Global
	GlobalSection(SolutionConfigurationPlatforms) = preSolution
		Debug|Any CPU = Debug|Any CPU
		Release|Any CPU = Release|Any CPU
	EndGlobalSection
	GlobalSection(ProjectConfigurationPlatforms) = postSolution
		{53472198-F41E-4F49-8458-A244BED96EF6}.Debug|Any CPU.ActiveCfg = Debug|Any CPU
		{53472198-F41E-4F49-8458-A244BED96EF6}.Debug|Any CPU.Build.0 = Debug|Any CPU
		{53472198-F41E-4F49-8458-A244BED96EF6}.Release|Any CPU.ActiveCfg = Release|Any CPU
		{53472198-F41E-4F49-8458-A244BED96EF6}.Release|Any CPU.Build.0 = Release|Any CPU
		{6706C6C6-B615-43E7-BAF8-1E96EE42837B}.Debug|Any CPU.ActiveCfg = Debug|Any CPU
		{6706C6C6-B615-43E7-BAF8-1E96EE42837B}.Debug|Any CPU.Build.0 = Debug|Any CPU
		{6706C6C6-B615-43E7-BAF8-1E96EE42837B}.Release|Any CPU.ActiveCfg = Release|Any CPU
		{6706C6C6-B615-43E7-BAF8-1E96EE42837B}.Release|Any CPU.Build.0 = Release|Any CPU
		{FF198A0A-3BBC-4CE2-88D1-310A6750A01B}.Debug|Any CPU.ActiveCfg = Debug|Any CPU
		{FF198A0A-3BBC-4CE2-88D1-310A6750A01B}.Debug|Any CPU.Build.0 = Debug|Any CPU
		{FF198A0A-3BBC-4CE2-88D1-310A6750A01B}.Release|Any CPU.ActiveCfg = Release|Any CPU
		{FF198A0A-3BBC-4CE2-88D1-310A6750A01B}.Release|Any CPU.Build.0 = Release|Any CPU
		{4D601A79-D85C-41BF-BB5F-C67D0A4AF109}.Debug|Any CPU.ActiveCfg = Debug|Any CPU
		{4D601A79-D85C-41BF-BB5F-C67D0A4AF109}.Debug|Any CPU.Build.0 = Debug|Any CPU
		{4D601A79-D85C-41BF-BB5F-C67D0A4AF109}.Release|Any CPU.ActiveCfg = Release|Any CPU
		{4D601A79-D85C-41BF-BB5F-C67D0A4AF109}.Release|Any CPU.Build.0 = Release|Any CPU
		{7D42A1F7-E2B3-421B-A992-CFC112AC267F}.Debug|Any CPU.ActiveCfg = Debug|Any CPU
		{7D42A1F7-E2B3-421B-A992-CFC112AC267F}.Debug|Any CPU.Build.0 = Debug|Any CPU
		{7D42A1F7-E2B3-421B-A992-CFC112AC267F}.Release|Any CPU.ActiveCfg = Release|Any CPU
		{7D42A1F7-E2B3-421B-A992-CFC112AC267F}.Release|Any CPU.Build.0 = Release|Any CPU
		{D9C63B19-7FA7-432F-AD84-0315F21A9892}.Debug|Any CPU.ActiveCfg = Debug|Any CPU
		{D9C63B19-7FA7-432F-AD84-0315F21A9892}.Debug|Any CPU.Build.0 = Debug|Any CPU
		{D9C63B19-7FA7-432F-AD84-0315F21A9892}.Release|Any CPU.ActiveCfg = Release|Any CPU
		{D9C63B19-7FA7-432F-AD84-0315F21A9892}.Release|Any CPU.Build.0 = Release|Any CPU
		{06D6C6C4-9D2C-45B9-9B1F-83B55FA866A5}.Debug|Any CPU.ActiveCfg = Debug|Any CPU
		{06D6C6C4-9D2C-45B9-9B1F-83B55FA866A5}.Debug|Any CPU.Build.0 = Debug|Any CPU
		{06D6C6C4-9D2C-45B9-9B1F-83B55FA866A5}.Release|Any CPU.ActiveCfg = Release|Any CPU
		{06D6C6C4-9D2C-45B9-9B1F-83B55FA866A5}.Release|Any CPU.Build.0 = Release|Any CPU
		{EFC9EA7A-8044-4621-AFAA-40D7AF04EE99}.Debug|Any CPU.ActiveCfg = Debug|Any CPU
		{EFC9EA7A-8044-4621-AFAA-40D7AF04EE99}.Debug|Any CPU.Build.0 = Debug|Any CPU
		{EFC9EA7A-8044-4621-AFAA-40D7AF04EE99}.Release|Any CPU.ActiveCfg = Release|Any CPU
		{EFC9EA7A-8044-4621-AFAA-40D7AF04EE99}.Release|Any CPU.Build.0 = Release|Any CPU
		{0D0C9F52-440E-43D4-AADF-2803191A1D71}.Debug|Any CPU.ActiveCfg = Debug|Any CPU
		{0D0C9F52-440E-43D4-AADF-2803191A1D71}.Debug|Any CPU.Build.0 = Debug|Any CPU
		{0D0C9F52-440E-43D4-AADF-2803191A1D71}.Release|Any CPU.ActiveCfg = Release|Any CPU
		{0D0C9F52-440E-43D4-AADF-2803191A1D71}.Release|Any CPU.Build.0 = Release|Any CPU
		{43593DA7-0904-40BE-B313-95CD6B84C869}.Debug|Any CPU.ActiveCfg = Debug|Any CPU
		{43593DA7-0904-40BE-B313-95CD6B84C869}.Debug|Any CPU.Build.0 = Debug|Any CPU
		{43593DA7-0904-40BE-B313-95CD6B84C869}.Release|Any CPU.ActiveCfg = Release|Any CPU
		{43593DA7-0904-40BE-B313-95CD6B84C869}.Release|Any CPU.Build.0 = Release|Any CPU
		{1E4A7011-155F-4A63-B750-1095A73CD5C4}.Debug|Any CPU.ActiveCfg = Debug|Any CPU
		{1E4A7011-155F-4A63-B750-1095A73CD5C4}.Debug|Any CPU.Build.0 = Debug|Any CPU
		{1E4A7011-155F-4A63-B750-1095A73CD5C4}.Release|Any CPU.ActiveCfg = Release|Any CPU
		{1E4A7011-155F-4A63-B750-1095A73CD5C4}.Release|Any CPU.Build.0 = Release|Any CPU
		{83E17530-AD50-4E8A-9710-3C43A9F6DA0A}.Debug|Any CPU.ActiveCfg = Debug|Any CPU
		{83E17530-AD50-4E8A-9710-3C43A9F6DA0A}.Debug|Any CPU.Build.0 = Debug|Any CPU
		{83E17530-AD50-4E8A-9710-3C43A9F6DA0A}.Release|Any CPU.ActiveCfg = Release|Any CPU
		{83E17530-AD50-4E8A-9710-3C43A9F6DA0A}.Release|Any CPU.Build.0 = Release|Any CPU
		{56DA443D-5988-40AF-8EC5-2735139742AA}.Debug|Any CPU.ActiveCfg = Debug|Any CPU
		{56DA443D-5988-40AF-8EC5-2735139742AA}.Debug|Any CPU.Build.0 = Debug|Any CPU
		{56DA443D-5988-40AF-8EC5-2735139742AA}.Release|Any CPU.ActiveCfg = Release|Any CPU
		{56DA443D-5988-40AF-8EC5-2735139742AA}.Release|Any CPU.Build.0 = Release|Any CPU
		{5FD74118-0801-4F32-AA4E-EDBF5A65916E}.Debug|Any CPU.ActiveCfg = Debug|Any CPU
		{5FD74118-0801-4F32-AA4E-EDBF5A65916E}.Debug|Any CPU.Build.0 = Debug|Any CPU
		{5FD74118-0801-4F32-AA4E-EDBF5A65916E}.Release|Any CPU.ActiveCfg = Release|Any CPU
		{5FD74118-0801-4F32-AA4E-EDBF5A65916E}.Release|Any CPU.Build.0 = Release|Any CPU
	EndGlobalSection
	GlobalSection(SolutionProperties) = preSolution
		HideSolutionNode = FALSE
	EndGlobalSection
	GlobalSection(NestedProjects) = preSolution
		{53472198-F41E-4F49-8458-A244BED96EF6} = {C122DEB3-7B88-4E0B-B894-5B983C361577}
		{6706C6C6-B615-43E7-BAF8-1E96EE42837B} = {2CAD37D7-6B1A-48D6-902B-F03F3B6A8D7A}
		{FF198A0A-3BBC-4CE2-88D1-310A6750A01B} = {2CAD37D7-6B1A-48D6-902B-F03F3B6A8D7A}
		{4D601A79-D85C-41BF-BB5F-C67D0A4AF109} = {2CAD37D7-6B1A-48D6-902B-F03F3B6A8D7A}
		{7D42A1F7-E2B3-421B-A992-CFC112AC267F} = {9F44FB8E-D6FD-4345-8C95-BA665C4E5E20}
		{D9C63B19-7FA7-432F-AD84-0315F21A9892} = {9F44FB8E-D6FD-4345-8C95-BA665C4E5E20}
		{06D6C6C4-9D2C-45B9-9B1F-83B55FA866A5} = {9F44FB8E-D6FD-4345-8C95-BA665C4E5E20}
		{EFC9EA7A-8044-4621-AFAA-40D7AF04EE99} = {9F44FB8E-D6FD-4345-8C95-BA665C4E5E20}
		{0D0C9F52-440E-43D4-AADF-2803191A1D71} = {8547D6E7-12A3-4FD7-936E-A5E0D7BE9413}
		{43593DA7-0904-40BE-B313-95CD6B84C869} = {8547D6E7-12A3-4FD7-936E-A5E0D7BE9413}
		{1E4A7011-155F-4A63-B750-1095A73CD5C4} = {8547D6E7-12A3-4FD7-936E-A5E0D7BE9413}
		{83E17530-AD50-4E8A-9710-3C43A9F6DA0A} = {7CC1C7F0-FA6A-4CDE-A974-8EA6AD88C4B4}
		{56DA443D-5988-40AF-8EC5-2735139742AA} = {5768FC98-A188-42CA-9155-3BBC9FD453AD}
		{5FD74118-0801-4F32-AA4E-EDBF5A65916E} = {F300C522-A4D8-4D2E-80B3-9CC3B77D6099}
	EndGlobalSection
	GlobalSection(ExtensibilityGlobals) = postSolution
		SolutionGuid = {83846C95-0E8C-41FF-90D8-4AD03678B9C6}
	EndGlobalSection
EndGlobal
